
Microsoft Visual Studio Solution File, Format Version 12.00
# Visual Studio Version 17
VisualStudioVersion = 17.0.31903.59
MinimumVisualStudioVersion = 10.0.40219.1
Project("{2150E333-8FDC-42A3-9474-1A3956D46DE8}") = "src", "src", "{827E0CD3-B72D-47B6-A68D-7590B98EB39B}"
EndProject
Project("{FAE04EC0-301F-11D3-BF4B-00C04F79EFBC}") = "Nimbus.Framework", "src\Nimbus.Framework\Nimbus.Framework.csproj", "{FD6FAE07-887A-4C5A-8FFA-6CF1166825B4}"
EndProject
Project("{FAE04EC0-301F-11D3-BF4B-00C04F79EFBC}") = "Nimbus.Testing", "src\Nimbus.Testing\Nimbus.Testing.csproj", "{4320F3C0-DD14-4C5A-ABD6-601D393D97C8}"
EndProject
Global
	GlobalSection(SolutionConfigurationPlatforms) = preSolution
		Debug|Any CPU = Debug|Any CPU
		Debug|x64 = Debug|x64
		Debug|x86 = Debug|x86
		Release|Any CPU = Release|Any CPU
		Release|x64 = Release|x64
		Release|x86 = Release|x86
	EndGlobalSection
	GlobalSection(ProjectConfigurationPlatforms) = postSolution
		{FD6FAE07-887A-4C5A-8FFA-6CF1166825B4}.Debug|Any CPU.ActiveCfg = Debug|Any CPU
		{FD6FAE07-887A-4C5A-8FFA-6CF1166825B4}.Debug|Any CPU.Build.0 = Debug|Any CPU
		{FD6FAE07-887A-4C5A-8FFA-6CF1166825B4}.Debug|x64.ActiveCfg = Debug|Any CPU
		{FD6FAE07-887A-4C5A-8FFA-6CF1166825B4}.Debug|x64.Build.0 = Debug|Any CPU
		{FD6FAE07-887A-4C5A-8FFA-6CF1166825B4}.Debug|x86.ActiveCfg = Debug|Any CPU
		{FD6FAE07-887A-4C5A-8FFA-6CF1166825B4}.Debug|x86.Build.0 = Debug|Any CPU
		{FD6FAE07-887A-4C5A-8FFA-6CF1166825B4}.Release|Any CPU.ActiveCfg = Release|Any CPU
		{FD6FAE07-887A-4C5A-8FFA-6CF1166825B4}.Release|Any CPU.Build.0 = Release|Any CPU
		{FD6FAE07-887A-4C5A-8FFA-6CF1166825B4}.Release|x64.ActiveCfg = Release|Any CPU
		{FD6FAE07-887A-4C5A-8FFA-6CF1166825B4}.Release|x64.Build.0 = Release|Any CPU
		{FD6FAE07-887A-4C5A-8FFA-6CF1166825B4}.Release|x86.ActiveCfg = Release|Any CPU
		{FD6FAE07-887A-4C5A-8FFA-6CF1166825B4}.Release|x86.Build.0 = Release|Any CPU
		{4320F3C0-DD14-4C5A-ABD6-601D393D97C8}.Debug|Any CPU.ActiveCfg = Debug|Any CPU
		{4320F3C0-DD14-4C5A-ABD6-601D393D97C8}.Debug|Any CPU.Build.0 = Debug|Any CPU
		{4320F3C0-DD14-4C5A-ABD6-601D393D97C8}.Debug|x64.ActiveCfg = Debug|Any CPU
		{4320F3C0-DD14-4C5A-ABD6-601D393D97C8}.Debug|x64.Build.0 = Debug|Any CPU
		{4320F3C0-DD14-4C5A-ABD6-601D393D97C8}.Debug|x86.ActiveCfg = Debug|Any CPU
		{4320F3C0-DD14-4C5A-ABD6-601D393D97C8}.Debug|x86.Build.0 = Debug|Any CPU
		{4320F3C0-DD14-4C5A-ABD6-601D393D97C8}.Release|Any CPU.ActiveCfg = Release|Any CPU
		{4320F3C0-DD14-4C5A-ABD6-601D393D97C8}.Release|Any CPU.Build.0 = Release|Any CPU
		{4320F3C0-DD14-4C5A-ABD6-601D393D97C8}.Release|x64.ActiveCfg = Release|Any CPU
		{4320F3C0-DD14-4C5A-ABD6-601D393D97C8}.Release|x64.Build.0 = Release|Any CPU
		{4320F3C0-DD14-4C5A-ABD6-601D393D97C8}.Release|x86.ActiveCfg = Release|Any CPU
		{4320F3C0-DD14-4C5A-ABD6-601D393D97C8}.Release|x86.Build.0 = Release|Any CPU
	EndGlobalSection
	GlobalSection(SolutionProperties) = preSolution
		HideSolutionNode = FALSE
	EndGlobalSection
	GlobalSection(NestedProjects) = preSolution
		{FD6FAE07-887A-4C5A-8FFA-6CF1166825B4} = {827E0CD3-B72D-47B6-A68D-7590B98EB39B}
		{4320F3C0-DD14-4C5A-ABD6-601D393D97C8} = {827E0CD3-B72D-47B6-A68D-7590B98EB39B}
	EndGlobalSection
EndGlobal
